// !$*UTF8*$!
{
	archiveVersion = 1;
	classes = {
	};
	objectVersion = 77;
	objects = {

/* Begin PBXContainerItemProxy section */
		DFB5ACEE2D2469CD0058447F /* PBXContainerItemProxy */ = {
			isa = PBXContainerItemProxy;
			containerPortal = DFB5ACD52D2469CB0058447F /* Project object */;
			proxyType = 1;
			remoteGlobalIDString = DFB5ACDC2D2469CB0058447F;
			remoteInfo = "sleep-calculator";
		};
		DFB5ACF82D2469CD0058447F /* PBXContainerItemProxy */ = {
			isa = PBXContainerItemProxy;
			containerPortal = DFB5ACD52D2469CB0058447F /* Project object */;
			proxyType = 1;
			remoteGlobalIDString = DFB5ACDC2D2469CB0058447F;
			remoteInfo = "sleep-calculator";
		};
/* End PBXContainerItemProxy section */

/* Begin PBXFileReference section */
		DFB5ACDD2D2469CB0058447F /* sleep-calculator.app */ = {isa = PBXFileReference; explicitFileType = wrapper.application; includeInIndex = 0; path = "sleep-calculator.app"; sourceTree = BUILT_PRODUCTS_DIR; };
		DFB5ACED2D2469CD0058447F /* sleep-calculatorTests.xctest */ = {isa = PBXFileReference; explicitFileType = wrapper.cfbundle; includeInIndex = 0; path = "sleep-calculatorTests.xctest"; sourceTree = BUILT_PRODUCTS_DIR; };
		DFB5ACF72D2469CD0058447F /* sleep-calculatorUITests.xctest */ = {isa = PBXFileReference; explicitFileType = wrapper.cfbundle; includeInIndex = 0; path = "sleep-calculatorUITests.xctest"; sourceTree = BUILT_PRODUCTS_DIR; };
/* End PBXFileReference section */

/* Begin PBXFileSystemSynchronizedRootGroup section */
		DFB5ACDF2D2469CB0058447F /* sleep-calculator */ = {
			isa = PBXFileSystemSynchronizedRootGroup;
			path = "sleep-calculator";
			sourceTree = "<group>";
		};
		DFB5ACF02D2469CD0058447F /* sleep-calculatorTests */ = {
			isa = PBXFileSystemSynchronizedRootGroup;
			path = "sleep-calculatorTests";
			sourceTree = "<group>";
		};
		DFB5ACFA2D2469CD0058447F /* sleep-calculatorUITests */ = {
			isa = PBXFileSystemSynchronizedRootGroup;
			path = "sleep-calculatorUITests";
			sourceTree = "<group>";
		};
/* End PBXFileSystemSynchronizedRootGroup section */

/* Begin PBXFrameworksBuildPhase section */
		DFB5ACDA2D2469CB0058447F /* Frameworks */ = {
			isa = PBXFrameworksBuildPhase;
			buildActionMask = 2147483647;
			files = (
			);
			runOnlyForDeploymentPostprocessing = 0;
		};
		DFB5ACEA2D2469CD0058447F /* Frameworks */ = {
			isa = PBXFrameworksBuildPhase;
			buildActionMask = 2147483647;
			files = (
			);
			runOnlyForDeploymentPostprocessing = 0;
		};
		DFB5ACF42D2469CD0058447F /* Frameworks */ = {
			isa = PBXFrameworksBuildPhase;
			buildActionMask = 2147483647;
			files = (
			);
			runOnlyForDeploymentPostprocessing = 0;
		};
/* End PBXFrameworksBuildPhase section */

/* Begin PBXGroup section */
		DFB5ACD42D2469CB0058447F = {
			isa = PBXGroup;
			children = (
				DFB5ACDF2D2469CB0058447F /* sleep-calculator */,
				DFB5ACF02D2469CD0058447F /* sleep-calculatorTests */,
				DFB5ACFA2D2469CD0058447F /* sleep-calculatorUITests */,
				DFB5ACDE2D2469CB0058447F /* Products */,
			);
			sourceTree = "<group>";
		};
		DFB5ACDE2D2469CB0058447F /* Products */ = {
			isa = PBXGroup;
			children = (
				DFB5ACDD2D2469CB0058447F /* sleep-calculator.app */,
				DFB5ACED2D2469CD0058447F /* sleep-calculatorTests.xctest */,
				DFB5ACF72D2469CD0058447F /* sleep-calculatorUITests.xctest */,
			);
			name = Products;
			sourceTree = "<group>";
		};
/* End PBXGroup section */

/* Begin PBXNativeTarget section */
		DFB5ACDC2D2469CB0058447F /* sleep-calculator */ = {
			isa = PBXNativeTarget;
			buildConfigurationList = DFB5AD012D2469CD0058447F /* Build configuration list for PBXNativeTarget "sleep-calculator" */;
			buildPhases = (
				DFB5ACD92D2469CB0058447F /* Sources */,
				DFB5ACDA2D2469CB0058447F /* Frameworks */,
				DFB5ACDB2D2469CB0058447F /* Resources */,
			);
			buildRules = (
			);
			dependencies = (
			);
			fileSystemSynchronizedGroups = (
				DFB5ACDF2D2469CB0058447F /* sleep-calculator */,
			);
			name = "sleep-calculator";
			packageProductDependencies = (
			);
			productName = "sleep-calculator";
			productReference = DFB5ACDD2D2469CB0058447F /* sleep-calculator.app */;
			productType = "com.apple.product-type.application";
		};
		DFB5ACEC2D2469CD0058447F /* sleep-calculatorTests */ = {
			isa = PBXNativeTarget;
			buildConfigurationList = DFB5AD042D2469CD0058447F /* Build configuration list for PBXNativeTarget "sleep-calculatorTests" */;
			buildPhases = (
				DFB5ACE92D2469CD0058447F /* Sources */,
				DFB5ACEA2D2469CD0058447F /* Frameworks */,
				DFB5ACEB2D2469CD0058447F /* Resources */,
			);
			buildRules = (
			);
			dependencies = (
				DFB5ACEF2D2469CD0058447F /* PBXTargetDependency */,
			);
			fileSystemSynchronizedGroups = (
				DFB5ACF02D2469CD0058447F /* sleep-calculatorTests */,
			);
			name = "sleep-calculatorTests";
			packageProductDependencies = (
			);
			productName = "sleep-calculatorTests";
			productReference = DFB5ACED2D2469CD0058447F /* sleep-calculatorTests.xctest */;
			productType = "com.apple.product-type.bundle.unit-test";
		};
		DFB5ACF62D2469CD0058447F /* sleep-calculatorUITests */ = {
			isa = PBXNativeTarget;
			buildConfigurationList = DFB5AD072D2469CD0058447F /* Build configuration list for PBXNativeTarget "sleep-calculatorUITests" */;
			buildPhases = (
				DFB5ACF32D2469CD0058447F /* Sources */,
				DFB5ACF42D2469CD0058447F /* Frameworks */,
				DFB5ACF52D2469CD0058447F /* Resources */,
			);
			buildRules = (
			);
			dependencies = (
				DFB5ACF92D2469CD0058447F /* PBXTargetDependency */,
			);
			fileSystemSynchronizedGroups = (
				DFB5ACFA2D2469CD0058447F /* sleep-calculatorUITests */,
			);
			name = "sleep-calculatorUITests";
			packageProductDependencies = (
			);
			productName = "sleep-calculatorUITests";
			productReference = DFB5ACF72D2469CD0058447F /* sleep-calculatorUITests.xctest */;
			productType = "com.apple.product-type.bundle.ui-testing";
		};
/* End PBXNativeTarget section */

/* Begin PBXProject section */
		DFB5ACD52D2469CB0058447F /* Project object */ = {
			isa = PBXProject;
			attributes = {
				BuildIndependentTargetsInParallel = 1;
				LastSwiftUpdateCheck = 1620;
				LastUpgradeCheck = 1620;
				TargetAttributes = {
					DFB5ACDC2D2469CB0058447F = {
						CreatedOnToolsVersion = 16.2;
					};
					DFB5ACEC2D2469CD0058447F = {
						CreatedOnToolsVersion = 16.2;
						TestTargetID = DFB5ACDC2D2469CB0058447F;
					};
					DFB5ACF62D2469CD0058447F = {
						CreatedOnToolsVersion = 16.2;
						TestTargetID = DFB5ACDC2D2469CB0058447F;
					};
				};
			};
			buildConfigurationList = DFB5ACD82D2469CB0058447F /* Build configuration list for PBXProject "sleep-calculator" */;
			developmentRegion = en;
			hasScannedForEncodings = 0;
			knownRegions = (
				en,
				Base,
			);
			mainGroup = DFB5ACD42D2469CB0058447F;
			minimizedProjectReferenceProxies = 1;
			preferredProjectObjectVersion = 77;
			productRefGroup = DFB5ACDE2D2469CB0058447F /* Products */;
			projectDirPath = "";
			projectRoot = "";
			targets = (
				DFB5ACDC2D2469CB0058447F /* sleep-calculator */,
				DFB5ACEC2D2469CD0058447F /* sleep-calculatorTests */,
				DFB5ACF62D2469CD0058447F /* sleep-calculatorUITests */,
			);
		};
/* End PBXProject section */

/* Begin PBXResourcesBuildPhase section */
		DFB5ACDB2D2469CB0058447F /* Resources */ = {
			isa = PBXResourcesBuildPhase;
			buildActionMask = 2147483647;
			files = (
			);
			runOnlyForDeploymentPostprocessing = 0;
		};
		DFB5ACEB2D2469CD0058447F /* Resources */ = {
			isa = PBXResourcesBuildPhase;
			buildActionMask = 2147483647;
			files = (
			);
			runOnlyForDeploymentPostprocessing = 0;
		};
		DFB5ACF52D2469CD0058447F /* Resources */ = {
			isa = PBXResourcesBuildPhase;
			buildActionMask = 2147483647;
			files = (
			);
			runOnlyForDeploymentPostprocessing = 0;
		};
/* End PBXResourcesBuildPhase section */

/* Begin PBXSourcesBuildPhase section */
		DFB5ACD92D2469CB0058447F /* Sources */ = {
			isa = PBXSourcesBuildPhase;
			buildActionMask = 2147483647;
			files = (
			);
			runOnlyForDeploymentPostprocessing = 0;
		};
		DFB5ACE92D2469CD0058447F /* Sources */ = {
			isa = PBXSourcesBuildPhase;
			buildActionMask = 2147483647;
			files = (
			);
			runOnlyForDeploymentPostprocessing = 0;
		};
		DFB5ACF32D2469CD0058447F /* Sources */ = {
			isa = PBXSourcesBuildPhase;
			buildActionMask = 2147483647;
			files = (
			);
			runOnlyForDeploymentPostprocessing = 0;
		};
/* End PBXSourcesBuildPhase section */

/* Begin PBXTargetDependency section */
		DFB5ACEF2D2469CD0058447F /* PBXTargetDependency */ = {
			isa = PBXTargetDependency;
			target = DFB5ACDC2D2469CB0058447F /* sleep-calculator */;
			targetProxy = DFB5ACEE2D2469CD0058447F /* PBXContainerItemProxy */;
		};
		DFB5ACF92D2469CD0058447F /* PBXTargetDependency */ = {
			isa = PBXTargetDependency;
			target = DFB5ACDC2D2469CB0058447F /* sleep-calculator */;
			targetProxy = DFB5ACF82D2469CD0058447F /* PBXContainerItemProxy */;
		};
/* End PBXTargetDependency section */

/* Begin XCBuildConfiguration section */
		DFB5ACFF2D2469CD0058447F /* Debug */ = {
			isa = XCBuildConfiguration;
			buildSettings = {
				ALWAYS_SEARCH_USER_PATHS = NO;
				ASSETCATALOG_COMPILER_GENERATE_SWIFT_ASSET_SYMBOL_EXTENSIONS = YES;
				CLANG_ANALYZER_NONNULL = YES;
				CLANG_ANALYZER_NUMBER_OBJECT_CONVERSION = YES_AGGRESSIVE;
				CLANG_CXX_LANGUAGE_STANDARD = "gnu++20";
				CLANG_ENABLE_MODULES = YES;
				CLANG_ENABLE_OBJC_ARC = YES;
				CLANG_ENABLE_OBJC_WEAK = YES;
				CLANG_WARN_BLOCK_CAPTURE_AUTORELEASING = YES;
				CLANG_WARN_BOOL_CONVERSION = YES;
				CLANG_WARN_COMMA = YES;
				CLANG_WARN_CONSTANT_CONVERSION = YES;
				CLANG_WARN_DEPRECATED_OBJC_IMPLEMENTATIONS = YES;
				CLANG_WARN_DIRECT_OBJC_ISA_USAGE = YES_ERROR;
				CLANG_WARN_DOCUMENTATION_COMMENTS = YES;
				CLANG_WARN_EMPTY_BODY = YES;
				CLANG_WARN_ENUM_CONVERSION = YES;
				CLANG_WARN_INFINITE_RECURSION = YES;
				CLANG_WARN_INT_CONVERSION = YES;
				CLANG_WARN_NON_LITERAL_NULL_CONVERSION = YES;
				CLANG_WARN_OBJC_IMPLICIT_RETAIN_SELF = YES;
				CLANG_WARN_OBJC_LITERAL_CONVERSION = YES;
				CLANG_WARN_OBJC_ROOT_CLASS = YES_ERROR;
				CLANG_WARN_QUOTED_INCLUDE_IN_FRAMEWORK_HEADER = YES;
				CLANG_WARN_RANGE_LOOP_ANALYSIS = YES;
				CLANG_WARN_STRICT_PROTOTYPES = YES;
				CLANG_WARN_SUSPICIOUS_MOVE = YES;
				CLANG_WARN_UNGUARDED_AVAILABILITY = YES_AGGRESSIVE;
				CLANG_WARN_UNREACHABLE_CODE = YES;
				CLANG_WARN__DUPLICATE_METHOD_MATCH = YES;
				COPY_PHASE_STRIP = NO;
				DEBUG_INFORMATION_FORMAT = dwarf;
				ENABLE_STRICT_OBJC_MSGSEND = YES;
				ENABLE_TESTABILITY = YES;
				ENABLE_USER_SCRIPT_SANDBOXING = YES;
				GCC_C_LANGUAGE_STANDARD = gnu17;
				GCC_DYNAMIC_NO_PIC = NO;
				GCC_NO_COMMON_BLOCKS = YES;
				GCC_OPTIMIZATION_LEVEL = 0;
				GCC_PREPROCESSOR_DEFINITIONS = (
					"DEBUG=1",
					"$(inherited)",
				);
				GCC_WARN_64_TO_32_BIT_CONVERSION = YES;
				GCC_WARN_ABOUT_RETURN_TYPE = YES_ERROR;
				GCC_WARN_UNDECLARED_SELECTOR = YES;
				GCC_WARN_UNINITIALIZED_AUTOS = YES_AGGRESSIVE;
				GCC_WARN_UNUSED_FUNCTION = YES;
				GCC_WARN_UNUSED_VARIABLE = YES;
				IPHONEOS_DEPLOYMENT_TARGET = 18.2;
				LOCALIZATION_PREFERS_STRING_CATALOGS = YES;
				MTL_ENABLE_DEBUG_INFO = INCLUDE_SOURCE;
				MTL_FAST_MATH = YES;
				ONLY_ACTIVE_ARCH = YES;
				SDKROOT = iphoneos;
				SWIFT_ACTIVE_COMPILATION_CONDITIONS = "DEBUG $(inherited)";
				SWIFT_OPTIMIZATION_LEVEL = "-Onone";
			};
			name = Debug;
		};
		DFB5AD002D2469CD0058447F /* Release */ = {
			isa = XCBuildConfiguration;
			buildSettings = {
				ALWAYS_SEARCH_USER_PATHS = NO;
				ASSETCATALOG_COMPILER_GENERATE_SWIFT_ASSET_SYMBOL_EXTENSIONS = YES;
				CLANG_ANALYZER_NONNULL = YES;
				CLANG_ANALYZER_NUMBER_OBJECT_CONVERSION = YES_AGGRESSIVE;
				CLANG_CXX_LANGUAGE_STANDARD = "gnu++20";
				CLANG_ENABLE_MODULES = YES;
				CLANG_ENABLE_OBJC_ARC = YES;
				CLANG_ENABLE_OBJC_WEAK = YES;
				CLANG_WARN_BLOCK_CAPTURE_AUTORELEASING = YES;
				CLANG_WARN_BOOL_CONVERSION = YES;
				CLANG_WARN_COMMA = YES;
				CLANG_WARN_CONSTANT_CONVERSION = YES;
				CLANG_WARN_DEPRECATED_OBJC_IMPLEMENTATIONS = YES;
				CLANG_WARN_DIRECT_OBJC_ISA_USAGE = YES_ERROR;
				CLANG_WARN_DOCUMENTATION_COMMENTS = YES;
				CLANG_WARN_EMPTY_BODY = YES;
				CLANG_WARN_ENUM_CONVERSION = YES;
				CLANG_WARN_INFINITE_RECURSION = YES;
				CLANG_WARN_INT_CONVERSION = YES;
				CLANG_WARN_NON_LITERAL_NULL_CONVERSION = YES;
				CLANG_WARN_OBJC_IMPLICIT_RETAIN_SELF = YES;
				CLANG_WARN_OBJC_LITERAL_CONVERSION = YES;
				CLANG_WARN_OBJC_ROOT_CLASS = YES_ERROR;
				CLANG_WARN_QUOTED_INCLUDE_IN_FRAMEWORK_HEADER = YES;
				CLANG_WARN_RANGE_LOOP_ANALYSIS = YES;
				CLANG_WARN_STRICT_PROTOTYPES = YES;
				CLANG_WARN_SUSPICIOUS_MOVE = YES;
				CLANG_WARN_UNGUARDED_AVAILABILITY = YES_AGGRESSIVE;
				CLANG_WARN_UNREACHABLE_CODE = YES;
				CLANG_WARN__DUPLICATE_METHOD_MATCH = YES;
				COPY_PHASE_STRIP = NO;
				DEBUG_INFORMATION_FORMAT = "dwarf-with-dsym";
				ENABLE_NS_ASSERTIONS = NO;
				ENABLE_STRICT_OBJC_MSGSEND = YES;
				ENABLE_USER_SCRIPT_SANDBOXING = YES;
				GCC_C_LANGUAGE_STANDARD = gnu17;
				GCC_NO_COMMON_BLOCKS = YES;
				GCC_WARN_64_TO_32_BIT_CONVERSION = YES;
				GCC_WARN_ABOUT_RETURN_TYPE = YES_ERROR;
				GCC_WARN_UNDECLARED_SELECTOR = YES;
				GCC_WARN_UNINITIALIZED_AUTOS = YES_AGGRESSIVE;
				GCC_WARN_UNUSED_FUNCTION = YES;
				GCC_WARN_UNUSED_VARIABLE = YES;
				IPHONEOS_DEPLOYMENT_TARGET = 18.2;
				LOCALIZATION_PREFERS_STRING_CATALOGS = YES;
				MTL_ENABLE_DEBUG_INFO = NO;
				MTL_FAST_MATH = YES;
				SDKROOT = iphoneos;
				SWIFT_COMPILATION_MODE = wholemodule;
				VALIDATE_PRODUCT = YES;
			};
			name = Release;
		};
		DFB5AD022D2469CD0058447F /* Debug */ = {
			isa = XCBuildConfiguration;
			buildSettings = {
				ASSETCATALOG_COMPILER_APPICON_NAME = AppIcon;
				ASSETCATALOG_COMPILER_GLOBAL_ACCENT_COLOR_NAME = AccentColor;
				CODE_SIGN_STYLE = Automatic;
				CURRENT_PROJECT_VERSION = 1;
				DEVELOPMENT_ASSET_PATHS = "\"sleep-calculator/Preview Content\"";
				ENABLE_PREVIEWS = YES;
				GENERATE_INFOPLIST_FILE = YES;
				INFOPLIST_KEY_UIApplicationSceneManifest_Generation = YES;
				INFOPLIST_KEY_UIApplicationSupportsIndirectInputEvents = YES;
				INFOPLIST_KEY_UILaunchScreen_Generation = YES;
				INFOPLIST_KEY_UISupportedInterfaceOrientations_iPad = "UIInterfaceOrientationPortrait UIInterfaceOrientationPortraitUpsideDown UIInterfaceOrientationLandscapeLeft UIInterfaceOrientationLandscapeRight";
				INFOPLIST_KEY_UISupportedInterfaceOrientations_iPhone = "UIInterfaceOrientationPortrait UIInterfaceOrientationLandscapeLeft UIInterfaceOrientationLandscapeRight";
				LD_RUNPATH_SEARCH_PATHS = (
					"$(inherited)",
					"@executable_path/Frameworks",
				);
				MARKETING_VERSION = 1.0;
				PRODUCT_BUNDLE_IDENTIFIER = "canpolat.sleep-calculator";
				PRODUCT_NAME = "$(TARGET_NAME)";
				SWIFT_EMIT_LOC_STRINGS = YES;
				SWIFT_VERSION = 5.0;
				TARGETED_DEVICE_FAMILY = "1,2";
			};
			name = Debug;
		};
		DFB5AD032D2469CD0058447F /* Release */ = {
			isa = XCBuildConfiguration;
			buildSettings = {
				ASSETCATALOG_COMPILER_APPICON_NAME = AppIcon;
				ASSETCATALOG_COMPILER_GLOBAL_ACCENT_COLOR_NAME = AccentColor;
				CODE_SIGN_STYLE = Automatic;
				CURRENT_PROJECT_VERSION = 1;
				DEVELOPMENT_ASSET_PATHS = "\"sleep-calculator/Preview Content\"";
				ENABLE_PREVIEWS = YES;
				GENERATE_INFOPLIST_FILE = YES;
				INFOPLIST_KEY_UIApplicationSceneManifest_Generation = YES;
				INFOPLIST_KEY_UIApplicationSupportsIndirectInputEvents = YES;
				INFOPLIST_KEY_UILaunchScreen_Generation = YES;
				INFOPLIST_KEY_UISupportedInterfaceOrientations_iPad = "UIInterfaceOrientationPortrait UIInterfaceOrientationPortraitUpsideDown UIInterfaceOrientationLandscapeLeft UIInterfaceOrientationLandscapeRight";
				INFOPLIST_KEY_UISupportedInterfaceOrientations_iPhone = "UIInterfaceOrientationPortrait UIInterfaceOrientationLandscapeLeft UIInterfaceOrientationLandscapeRight";
				LD_RUNPATH_SEARCH_PATHS = (
					"$(inherited)",
					"@executable_path/Frameworks",
				);
				MARKETING_VERSION = 1.0;
				PRODUCT_BUNDLE_IDENTIFIER = "canpolat.sleep-calculator";
				PRODUCT_NAME = "$(TARGET_NAME)";
				SWIFT_EMIT_LOC_STRINGS = YES;
				SWIFT_VERSION = 5.0;
				TARGETED_DEVICE_FAMILY = "1,2";
			};
			name = Release;
		};
		DFB5AD052D2469CD0058447F /* Debug */ = {
			isa = XCBuildConfiguration;
			buildSettings = {
				BUNDLE_LOADER = "$(TEST_HOST)";
				CODE_SIGN_STYLE = Automatic;
				CURRENT_PROJECT_VERSION = 1;
				GENERATE_INFOPLIST_FILE = YES;
				IPHONEOS_DEPLOYMENT_TARGET = 18.2;
				MARKETING_VERSION = 1.0;
				PRODUCT_BUNDLE_IDENTIFIER = "canpolat.sleep-calculatorTests";
				PRODUCT_NAME = "$(TARGET_NAME)";
				SWIFT_EMIT_LOC_STRINGS = NO;
				SWIFT_VERSION = 5.0;
				TARGETED_DEVICE_FAMILY = "1,2";
				TEST_HOST = "$(BUILT_PRODUCTS_DIR)/sleep-calculator.app/$(BUNDLE_EXECUTABLE_FOLDER_PATH)/sleep-calculator";
			};
			name = Debug;
		};
		DFB5AD062D2469CD0058447F /* Release */ = {
			isa = XCBuildConfiguration;
			buildSettings = {
				BUNDLE_LOADER = "$(TEST_HOST)";
				CODE_SIGN_STYLE = Automatic;
				CURRENT_PROJECT_VERSION = 1;
				GENERATE_INFOPLIST_FILE = YES;
				IPHONEOS_DEPLOYMENT_TARGET = 18.2;
				MARKETING_VERSION = 1.0;
				PRODUCT_BUNDLE_IDENTIFIER = "canpolat.sleep-calculatorTests";
				PRODUCT_NAME = "$(TARGET_NAME)";
				SWIFT_EMIT_LOC_STRINGS = NO;
				SWIFT_VERSION = 5.0;
				TARGETED_DEVICE_FAMILY = "1,2";
				TEST_HOST = "$(BUILT_PRODUCTS_DIR)/sleep-calculator.app/$(BUNDLE_EXECUTABLE_FOLDER_PATH)/sleep-calculator";
			};
			name = Release;
		};
		DFB5AD082D2469CD0058447F /* Debug */ = {
			isa = XCBuildConfiguration;
			buildSettings = {
				CODE_SIGN_STYLE = Automatic;
				CURRENT_PROJECT_VERSION = 1;
				GENERATE_INFOPLIST_FILE = YES;
				MARKETING_VERSION = 1.0;
				PRODUCT_BUNDLE_IDENTIFIER = "canpolat.sleep-calculatorUITests";
				PRODUCT_NAME = "$(TARGET_NAME)";
				SWIFT_EMIT_LOC_STRINGS = NO;
				SWIFT_VERSION = 5.0;
				TARGETED_DEVICE_FAMILY = "1,2";
				TEST_TARGET_NAME = "sleep-calculator";
			};
			name = Debug;
		};
		DFB5AD092D2469CD0058447F /* Release */ = {
			isa = XCBuildConfiguration;
			buildSettings = {
				CODE_SIGN_STYLE = Automatic;
				CURRENT_PROJECT_VERSION = 1;
				GENERATE_INFOPLIST_FILE = YES;
				MARKETING_VERSION = 1.0;
				PRODUCT_BUNDLE_IDENTIFIER = "canpolat.sleep-calculatorUITests";
				PRODUCT_NAME = "$(TARGET_NAME)";
				SWIFT_EMIT_LOC_STRINGS = NO;
				SWIFT_VERSION = 5.0;
				TARGETED_DEVICE_FAMILY = "1,2";
				TEST_TARGET_NAME = "sleep-calculator";
			};
			name = Release;
		};
/* End XCBuildConfiguration section */

/* Begin XCConfigurationList section */
		DFB5ACD82D2469CB0058447F /* Build configuration list for PBXProject "sleep-calculator" */ = {
			isa = XCConfigurationList;
			buildConfigurations = (
				DFB5ACFF2D2469CD0058447F /* Debug */,
				DFB5AD002D2469CD0058447F /* Release */,
			);
			defaultConfigurationIsVisible = 0;
			defaultConfigurationName = Release;
		};
		DFB5AD012D2469CD0058447F /* Build configuration list for PBXNativeTarget "sleep-calculator" */ = {
			isa = XCConfigurationList;
			buildConfigurations = (
				DFB5AD022D2469CD0058447F /* Debug */,
				DFB5AD032D2469CD0058447F /* Release */,
			);
			defaultConfigurationIsVisible = 0;
			defaultConfigurationName = Release;
		};
		DFB5AD042D2469CD0058447F /* Build configuration list for PBXNativeTarget "sleep-calculatorTests" */ = {
			isa = XCConfigurationList;
			buildConfigurations = (
				DFB5AD052D2469CD0058447F /* Debug */,
				DFB5AD062D2469CD0058447F /* Release */,
			);
			defaultConfigurationIsVisible = 0;
			defaultConfigurationName = Release;
		};
		DFB5AD072D2469CD0058447F /* Build configuration list for PBXNativeTarget "sleep-calculatorUITests" */ = {
			isa = XCConfigurationList;
			buildConfigurations = (
				DFB5AD082D2469CD0058447F /* Debug */,
				DFB5AD092D2469CD0058447F /* Release */,
			);
			defaultConfigurationIsVisible = 0;
			defaultConfigurationName = Release;
		};
/* End XCConfigurationList section */
	};
	rootObject = DFB5ACD52D2469CB0058447F /* Project object */;
}
